
Microsoft Visual Studio Solution File, Format Version 12.00
# Visual Studio 15
VisualStudioVersion = 15.0.28307.757
MinimumVisualStudioVersion = 10.0.40219.1
Project("{FAE04EC0-301F-11D3-BF4B-00C04F79EFBC}") = "DiskLayout", "DiskLayout\DiskLayout.csproj", "{5A052EC0-5ADF-497A-B231-F76857A5EA67}"
EndProject
Global
	GlobalSection(SolutionConfigurationPlatforms) = preSolution
		Debug|Any CPU = Debug|Any CPU
		Release|Any CPU = Release|Any CPU
	EndGlobalSection
	GlobalSection(ProjectConfigurationPlatforms) = postSolution
		{5A052EC0-5ADF-497A-B231-F76857A5EA67}.Debug|Any CPU.ActiveCfg = Debug|Any CPU
		{5A052EC0-5ADF-497A-B231-F76857A5EA67}.Debug|Any CPU.Build.0 = Debug|Any CPU
		{5A052EC0-5ADF-497A-B231-F76857A5EA67}.Release|Any CPU.ActiveCfg = Release|Any CPU
		{5A052EC0-5ADF-497A-B231-F76857A5EA67}.Release|Any CPU.Build.0 = Release|Any CPU
	EndGlobalSection
	GlobalSection(SolutionProperties) = preSolution
		HideSolutionNode = FALSE
	EndGlobalSection
	GlobalSection(ExtensibilityGlobals) = postSolution
		SolutionGuid = {88D8B1BD-BA51-4562-BA85-7ADD8D0A8FD0}
	EndGlobalSection
EndGlobal
